
Microsoft Visual Studio Solution File, Format Version 12.00
# Visual Studio 15
VisualStudioVersion = 15.0.26124.0
MinimumVisualStudioVersion = 15.0.26124.0
Project("{F2A71F9B-5D33-465A-A702-920D77279786}") = "Jds.DotnetDocConverter", "src\Jds.DotnetDocConverter.fsproj", "{F2F5A21F-51EF-44B6-990A-C28A96759E45}"
EndProject
Project("{2150E333-8FDC-42A3-9474-1A3956D46DE8}") = "tests", "tests", "{3B47F2E9-1C3A-465A-AD7A-41E6F1285017}"
EndProject
Project("{F2A71F9B-5D33-465A-A702-920D77279786}") = "Jds.DotnetDocConverter.Tests.Unit", "tests\unit\Jds.DotnetDocConverter.Tests.Unit.fsproj", "{D7D85DB4-675B-470E-B98E-F0FD37FA9B61}"
EndProject
Project("{2150E333-8FDC-42A3-9474-1A3956D46DE8}") = "sample-apps", "sample-apps", "{86F578C0-967B-4163-8D00-2D2B93169CAA}"
EndProject
Project("{FAE04EC0-301F-11D3-BF4B-00C04F79EFBC}") = "CSharpConsole", "tests\sample-apps\csharp-console\CSharpConsole.csproj", "{D430B9C5-EBFE-4D22-8255-C61DDB49D0A6}"
EndProject
Project("{F2A71F9B-5D33-465A-A702-920D77279786}") = "FSharpConsole", "tests\sample-apps\fsharp-console\FSharpConsole.fsproj", "{E44A4AE9-B0AC-4A2E-AB45-B4424CC3D6DD}"
EndProject
Global
	GlobalSection(SolutionConfigurationPlatforms) = preSolution
		Debug|Any CPU = Debug|Any CPU
		Debug|x64 = Debug|x64
		Debug|x86 = Debug|x86
		Release|Any CPU = Release|Any CPU
		Release|x64 = Release|x64
		Release|x86 = Release|x86
	EndGlobalSection
	GlobalSection(SolutionProperties) = preSolution
		HideSolutionNode = FALSE
	EndGlobalSection
	GlobalSection(ProjectConfigurationPlatforms) = postSolution
		{F2F5A21F-51EF-44B6-990A-C28A96759E45}.Debug|Any CPU.ActiveCfg = Debug|Any CPU
		{F2F5A21F-51EF-44B6-990A-C28A96759E45}.Debug|Any CPU.Build.0 = Debug|Any CPU
		{F2F5A21F-51EF-44B6-990A-C28A96759E45}.Debug|x64.ActiveCfg = Debug|Any CPU
		{F2F5A21F-51EF-44B6-990A-C28A96759E45}.Debug|x64.Build.0 = Debug|Any CPU
		{F2F5A21F-51EF-44B6-990A-C28A96759E45}.Debug|x86.ActiveCfg = Debug|Any CPU
		{F2F5A21F-51EF-44B6-990A-C28A96759E45}.Debug|x86.Build.0 = Debug|Any CPU
		{F2F5A21F-51EF-44B6-990A-C28A96759E45}.Release|Any CPU.ActiveCfg = Release|Any CPU
		{F2F5A21F-51EF-44B6-990A-C28A96759E45}.Release|Any CPU.Build.0 = Release|Any CPU
		{F2F5A21F-51EF-44B6-990A-C28A96759E45}.Release|x64.ActiveCfg = Release|Any CPU
		{F2F5A21F-51EF-44B6-990A-C28A96759E45}.Release|x64.Build.0 = Release|Any CPU
		{F2F5A21F-51EF-44B6-990A-C28A96759E45}.Release|x86.ActiveCfg = Release|Any CPU
		{F2F5A21F-51EF-44B6-990A-C28A96759E45}.Release|x86.Build.0 = Release|Any CPU
		{D7D85DB4-675B-470E-B98E-F0FD37FA9B61}.Debug|Any CPU.ActiveCfg = Debug|Any CPU
		{D7D85DB4-675B-470E-B98E-F0FD37FA9B61}.Debug|Any CPU.Build.0 = Debug|Any CPU
		{D7D85DB4-675B-470E-B98E-F0FD37FA9B61}.Debug|x64.ActiveCfg = Debug|Any CPU
		{D7D85DB4-675B-470E-B98E-F0FD37FA9B61}.Debug|x64.Build.0 = Debug|Any CPU
		{D7D85DB4-675B-470E-B98E-F0FD37FA9B61}.Debug|x86.ActiveCfg = Debug|Any CPU
		{D7D85DB4-675B-470E-B98E-F0FD37FA9B61}.Debug|x86.Build.0 = Debug|Any CPU
		{D7D85DB4-675B-470E-B98E-F0FD37FA9B61}.Release|Any CPU.ActiveCfg = Release|Any CPU
		{D7D85DB4-675B-470E-B98E-F0FD37FA9B61}.Release|Any CPU.Build.0 = Release|Any CPU
		{D7D85DB4-675B-470E-B98E-F0FD37FA9B61}.Release|x64.ActiveCfg = Release|Any CPU
		{D7D85DB4-675B-470E-B98E-F0FD37FA9B61}.Release|x64.Build.0 = Release|Any CPU
		{D7D85DB4-675B-470E-B98E-F0FD37FA9B61}.Release|x86.ActiveCfg = Release|Any CPU
		{D7D85DB4-675B-470E-B98E-F0FD37FA9B61}.Release|x86.Build.0 = Release|Any CPU
		{D430B9C5-EBFE-4D22-8255-C61DDB49D0A6}.Debug|Any CPU.ActiveCfg = Debug|Any CPU
		{D430B9C5-EBFE-4D22-8255-C61DDB49D0A6}.Debug|Any CPU.Build.0 = Debug|Any CPU
		{D430B9C5-EBFE-4D22-8255-C61DDB49D0A6}.Debug|x64.ActiveCfg = Debug|Any CPU
		{D430B9C5-EBFE-4D22-8255-C61DDB49D0A6}.Debug|x64.Build.0 = Debug|Any CPU
		{D430B9C5-EBFE-4D22-8255-C61DDB49D0A6}.Debug|x86.ActiveCfg = Debug|Any CPU
		{D430B9C5-EBFE-4D22-8255-C61DDB49D0A6}.Debug|x86.Build.0 = Debug|Any CPU
		{D430B9C5-EBFE-4D22-8255-C61DDB49D0A6}.Release|Any CPU.ActiveCfg = Release|Any CPU
		{D430B9C5-EBFE-4D22-8255-C61DDB49D0A6}.Release|Any CPU.Build.0 = Release|Any CPU
		{D430B9C5-EBFE-4D22-8255-C61DDB49D0A6}.Release|x64.ActiveCfg = Release|Any CPU
		{D430B9C5-EBFE-4D22-8255-C61DDB49D0A6}.Release|x64.Build.0 = Release|Any CPU
		{D430B9C5-EBFE-4D22-8255-C61DDB49D0A6}.Release|x86.ActiveCfg = Release|Any CPU
		{D430B9C5-EBFE-4D22-8255-C61DDB49D0A6}.Release|x86.Build.0 = Release|Any CPU
		{E44A4AE9-B0AC-4A2E-AB45-B4424CC3D6DD}.Debug|Any CPU.ActiveCfg = Debug|Any CPU
		{E44A4AE9-B0AC-4A2E-AB45-B4424CC3D6DD}.Debug|Any CPU.Build.0 = Debug|Any CPU
		{E44A4AE9-B0AC-4A2E-AB45-B4424CC3D6DD}.Debug|x64.ActiveCfg = Debug|Any CPU
		{E44A4AE9-B0AC-4A2E-AB45-B4424CC3D6DD}.Debug|x64.Build.0 = Debug|Any CPU
		{E44A4AE9-B0AC-4A2E-AB45-B4424CC3D6DD}.Debug|x86.ActiveCfg = Debug|Any CPU
		{E44A4AE9-B0AC-4A2E-AB45-B4424CC3D6DD}.Debug|x86.Build.0 = Debug|Any CPU
		{E44A4AE9-B0AC-4A2E-AB45-B4424CC3D6DD}.Release|Any CPU.ActiveCfg = Release|Any CPU
		{E44A4AE9-B0AC-4A2E-AB45-B4424CC3D6DD}.Release|Any CPU.Build.0 = Release|Any CPU
		{E44A4AE9-B0AC-4A2E-AB45-B4424CC3D6DD}.Release|x64.ActiveCfg = Release|Any CPU
		{E44A4AE9-B0AC-4A2E-AB45-B4424CC3D6DD}.Release|x64.Build.0 = Release|Any CPU
		{E44A4AE9-B0AC-4A2E-AB45-B4424CC3D6DD}.Release|x86.ActiveCfg = Release|Any CPU
		{E44A4AE9-B0AC-4A2E-AB45-B4424CC3D6DD}.Release|x86.Build.0 = Release|Any CPU
	EndGlobalSection
	GlobalSection(NestedProjects) = preSolution
		{D7D85DB4-675B-470E-B98E-F0FD37FA9B61} = {3B47F2E9-1C3A-465A-AD7A-41E6F1285017}
		{86F578C0-967B-4163-8D00-2D2B93169CAA} = {3B47F2E9-1C3A-465A-AD7A-41E6F1285017}
		{D430B9C5-EBFE-4D22-8255-C61DDB49D0A6} = {86F578C0-967B-4163-8D00-2D2B93169CAA}
		{E44A4AE9-B0AC-4A2E-AB45-B4424CC3D6DD} = {86F578C0-967B-4163-8D00-2D2B93169CAA}
	EndGlobalSection
EndGlobal
